
Microsoft Visual Studio Solution File, Format Version 12.00
# Visual Studio Version 17
VisualStudioVersion = 17.13.35931.197 d17.13
MinimumVisualStudioVersion = 10.0.40219.1
Project("{F184B08F-C81C-45F6-A57F-5ABD9991F28F}") = "PaintVectorApp", "PaintVectorApp\PaintVectorApp.vbproj", "{8211F3EA-9102-4596-9B87-27BF4EFA2D3E}"
EndProject
Global
	GlobalSection(SolutionConfigurationPlatforms) = preSolution
		Debug|Any CPU = Debug|Any CPU
		Release|Any CPU = Release|Any CPU
	EndGlobalSection
	GlobalSection(ProjectConfigurationPlatforms) = postSolution
		{8211F3EA-9102-4596-9B87-27BF4EFA2D3E}.Debug|Any CPU.ActiveCfg = Debug|Any CPU
		{8211F3EA-9102-4596-9B87-27BF4EFA2D3E}.Debug|Any CPU.Build.0 = Debug|Any CPU
		{8211F3EA-9102-4596-9B87-27BF4EFA2D3E}.Release|Any CPU.ActiveCfg = Release|Any CPU
		{8211F3EA-9102-4596-9B87-27BF4EFA2D3E}.Release|Any CPU.Build.0 = Release|Any CPU
	EndGlobalSection
	GlobalSection(SolutionProperties) = preSolution
		HideSolutionNode = FALSE
	EndGlobalSection
	GlobalSection(ExtensibilityGlobals) = postSolution
		SolutionGuid = {36128730-9D26-48DD-AFA7-E9978CF984C9}
	EndGlobalSection
EndGlobal
